
Microsoft Visual Studio Solution File, Format Version 12.00
Project("{FAE04EC0-301F-11D3-BF4B-00C04F79EFBC}") = "eTickets", "eTickets\eTickets.csproj", "{D186534A-6DC7-40BA-B382-3AC4346E5391}"
EndProject
Global
	GlobalSection(SolutionConfigurationPlatforms) = preSolution
		Debug|Any CPU = Debug|Any CPU
		Release|Any CPU = Release|Any CPU
	EndGlobalSection
	GlobalSection(ProjectConfigurationPlatforms) = postSolution
		{D186534A-6DC7-40BA-B382-3AC4346E5391}.Debug|Any CPU.ActiveCfg = Debug|Any CPU
		{D186534A-6DC7-40BA-B382-3AC4346E5391}.Debug|Any CPU.Build.0 = Debug|Any CPU
		{D186534A-6DC7-40BA-B382-3AC4346E5391}.Release|Any CPU.ActiveCfg = Release|Any CPU
		{D186534A-6DC7-40BA-B382-3AC4346E5391}.Release|Any CPU.Build.0 = Release|Any CPU
	EndGlobalSection
EndGlobal
